
Microsoft Visual Studio Solution File, Format Version 12.00
# Visual Studio 15
VisualStudioVersion = 15.0.26430.16
MinimumVisualStudioVersion = 10.0.40219.1
Project("{FAE04EC0-301F-11D3-BF4B-00C04F79EFBC}") = "ResourceMonitor", "ResourceMonitor\ResourceMonitor.csproj", "{C1D5D7B8-7AE8-458B-B4F7-647E569A9F25}"
EndProject
Project("{FAE04EC0-301F-11D3-BF4B-00C04F79EFBC}") = "UnitTests", "UnitTests\UnitTests.csproj", "{AEB25940-6907-4884-8BC8-D18F08FDA7E1}"
EndProject
Project("{FAE04EC0-301F-11D3-BF4B-00C04F79EFBC}") = "ResourceAvailibilityWindowsService", "ResourceAvailibilityWindowsService\ResourceAvailibilityWindowsService.csproj", "{3DD47390-4F8D-4A72-A24D-54DF225A29E4}"
EndProject
Global
	GlobalSection(SolutionConfigurationPlatforms) = preSolution
		Debug|Any CPU = Debug|Any CPU
		Release|Any CPU = Release|Any CPU
	EndGlobalSection
	GlobalSection(ProjectConfigurationPlatforms) = postSolution
		{C1D5D7B8-7AE8-458B-B4F7-647E569A9F25}.Debug|Any CPU.ActiveCfg = Debug|Any CPU
		{C1D5D7B8-7AE8-458B-B4F7-647E569A9F25}.Debug|Any CPU.Build.0 = Debug|Any CPU
		{C1D5D7B8-7AE8-458B-B4F7-647E569A9F25}.Release|Any CPU.ActiveCfg = Release|Any CPU
		{C1D5D7B8-7AE8-458B-B4F7-647E569A9F25}.Release|Any CPU.Build.0 = Release|Any CPU
		{AEB25940-6907-4884-8BC8-D18F08FDA7E1}.Debug|Any CPU.ActiveCfg = Debug|Any CPU
		{AEB25940-6907-4884-8BC8-D18F08FDA7E1}.Debug|Any CPU.Build.0 = Debug|Any CPU
		{AEB25940-6907-4884-8BC8-D18F08FDA7E1}.Debug|Any CPU.Deploy.0 = Debug|Any CPU
		{AEB25940-6907-4884-8BC8-D18F08FDA7E1}.Release|Any CPU.ActiveCfg = Release|Any CPU
		{AEB25940-6907-4884-8BC8-D18F08FDA7E1}.Release|Any CPU.Build.0 = Release|Any CPU
		{3DD47390-4F8D-4A72-A24D-54DF225A29E4}.Debug|Any CPU.ActiveCfg = Debug|Any CPU
		{3DD47390-4F8D-4A72-A24D-54DF225A29E4}.Debug|Any CPU.Build.0 = Debug|Any CPU
		{3DD47390-4F8D-4A72-A24D-54DF225A29E4}.Release|Any CPU.ActiveCfg = Release|Any CPU
		{3DD47390-4F8D-4A72-A24D-54DF225A29E4}.Release|Any CPU.Build.0 = Release|Any CPU
	EndGlobalSection
	GlobalSection(SolutionProperties) = preSolution
		HideSolutionNode = FALSE
	EndGlobalSection
EndGlobal
